{
  "name": "ghar-real-estate-platform",
  "version": "1.0.0",
  "lockfileVersion": 3,
  "requires": true,
  "packages": {
    "": {
      "name": "ghar-real-estate-platform",
      "version": "1.0.0",
      "license": "MIT",
      "dependencies": {
        "bcryptjs": "...",
        "compression": "...",
        "cookie-parser": "...",
        "cors": "...",
        "dotenv": "...",
        "express": "...",
        "express-rate-limit": "...",
        "helmet": "...",
        "jsonwebtoken": "...",
        "morgan": "...",
        "multer": "...",
        "pg": "...",
        "pg-hstore": "...",
        "sequelize": "...",
        "uuid": "...",
        "validator": "...",
        "ws": "..."
      },
      "devDependencies": {
        "eslint": "...",
        "jest": "...",
        "nodemon": "..."
      },
      "engines": {
        "node": ">=20.0.0",
        "npm": ">=10.0.0"
      }
    }
  }
}